// !$*UTF8*$!
{
	archiveVersion = 1;
	classes = {
	};
	objectVersion = 46;
	objects = {

/* Begin PBXBuildFile section */
		A50432731D21CC0000A14DA6 /* User.swift in Sources */ = {isa = PBXBuildFile; fileRef = A50432721D21CC0000A14DA6 /* User.swift */; };
		A50432751D21CC0700A14DA6 /* Tweet.swift in Sources */ = {isa = PBXBuildFile; fileRef = A50432741D21CC0700A14DA6 /* Tweet.swift */; };
		A50432771D21D33800A14DA6 /* TwitterClient.swift in Sources */ = {isa = PBXBuildFile; fileRef = A50432761D21D33800A14DA6 /* TwitterClient.swift */; };
		A50432791D21DB6C00A14DA6 /* TweetsViewController.swift in Sources */ = {isa = PBXBuildFile; fileRef = A50432781D21DB6C00A14DA6 /* TweetsViewController.swift */; };
		A504327D1D21DF0C00A14DA6 /* TweetCell.swift in Sources */ = {isa = PBXBuildFile; fileRef = A504327C1D21DF0C00A14DA6 /* TweetCell.swift */; };
		A535929B1D21BF88009F7442 /* AppDelegate.swift in Sources */ = {isa = PBXBuildFile; fileRef = A535929A1D21BF88009F7442 /* AppDelegate.swift */; };
		A53592A01D21BF88009F7442 /* Main.storyboard in Resources */ = {isa = PBXBuildFile; fileRef = A535929E1D21BF88009F7442 /* Main.storyboard */; };
		A53592A21D21BF88009F7442 /* Assets.xcassets in Resources */ = {isa = PBXBuildFile; fileRef = A53592A11D21BF88009F7442 /* Assets.xcassets */; };
		A53592A51D21BF88009F7442 /* LaunchScreen.storyboard in Resources */ = {isa = PBXBuildFile; fileRef = A53592A31D21BF88009F7442 /* LaunchScreen.storyboard */; };
		A53592AD1D21C039009F7442 /* LoginViewController.swift in Sources */ = {isa = PBXBuildFile; fileRef = A53592AC1D21C039009F7442 /* LoginViewController.swift */; };
		A5C9CC161D22553300781179 /* DetailViewController.swift in Sources */ = {isa = PBXBuildFile; fileRef = A5C9CC151D22553300781179 /* DetailViewController.swift */; };
		A5C9CC181D23316400781179 /* ProfileViewController.swift in Sources */ = {isa = PBXBuildFile; fileRef = A5C9CC171D23316400781179 /* ProfileViewController.swift */; };
		A5C9CC1A1D234D1E00781179 /* ComposeViewController.swift in Sources */ = {isa = PBXBuildFile; fileRef = A5C9CC191D234D1E00781179 /* ComposeViewController.swift */; };
		A5C9CC1C1D239CBC00781179 /* UserProfileViewController.swift in Sources */ = {isa = PBXBuildFile; fileRef = A5C9CC1B1D239CBB00781179 /* UserProfileViewController.swift */; };
		EE5C0B60825EC8771770DA96 /* Pods_Twitter.framework in Frameworks */ = {isa = PBXBuildFile; fileRef = FD779DF59A2B216B672B03A6 /* Pods_Twitter.framework */; };
/* End PBXBuildFile section */

/* Begin PBXFileReference section */
		296F8879213F33B2B9A92F55 /* Pods-Twitter.release.xcconfig */ = {isa = PBXFileReference; includeInIndex = 1; lastKnownFileType = text.xcconfig; name = "Pods-Twitter.release.xcconfig"; path = "Pods/Target Support Files/Pods-Twitter/Pods-Twitter.release.xcconfig"; sourceTree = "<group>"; };
		A50432721D21CC0000A14DA6 /* User.swift */ = {isa = PBXFileReference; fileEncoding = 4; lastKnownFileType = sourcecode.swift; path = User.swift; sourceTree = "<group>"; };
		A50432741D21CC0700A14DA6 /* Tweet.swift */ = {isa = PBXFileReference; fileEncoding = 4; lastKnownFileType = sourcecode.swift; path = Tweet.swift; sourceTree = "<group>"; };
		A50432761D21D33800A14DA6 /* TwitterClient.swift */ = {isa = PBXFileReference; fileEncoding = 4; lastKnownFileType = sourcecode.swift; path = TwitterClient.swift; sourceTree = "<group>"; };
		A50432781D21DB6C00A14DA6 /* TweetsViewController.swift */ = {isa = PBXFileReference; fileEncoding = 4; lastKnownFileType = sourcecode.swift; path = TweetsViewController.swift; sourceTree = "<group>"; };
		A504327C1D21DF0C00A14DA6 /* TweetCell.swift */ = {isa = PBXFileReference; fileEncoding = 4; lastKnownFileType = sourcecode.swift; path = TweetCell.swift; sourceTree = "<group>"; };
		A53592971D21BF88009F7442 /* Twitter.app */ = {isa = PBXFileReference; explicitFileType = wrapper.application; includeInIndex = 0; path = Twitter.app; sourceTree = BUILT_PRODUCTS_DIR; };
		A535929A1D21BF88009F7442 /* AppDelegate.swift */ = {isa = PBXFileReference; lastKnownFileType = sourcecode.swift; path = AppDelegate.swift; sourceTree = "<group>"; };
		A535929F1D21BF88009F7442 /* Base */ = {isa = PBXFileReference; lastKnownFileType = file.storyboard; name = Base; path = Base.lproj/Main.storyboard; sourceTree = "<group>"; };
		A53592A11D21BF88009F7442 /* Assets.xcassets */ = {isa = PBXFileReference; lastKnownFileType = folder.assetcatalog; path = Assets.xcassets; sourceTree = "<group>"; };
		A53592A41D21BF88009F7442 /* Base */ = {isa = PBXFileReference; lastKnownFileType = file.storyboard; name = Base; path = Base.lproj/LaunchScreen.storyboard; sourceTree = "<group>"; };
		A53592A61D21BF88009F7442 /* Info.plist */ = {isa = PBXFileReference; lastKnownFileType = text.plist.xml; path = Info.plist; sourceTree = "<group>"; };
		A53592AC1D21C039009F7442 /* LoginViewController.swift */ = {isa = PBXFileReference; fileEncoding = 4; lastKnownFileType = sourcecode.swift; path = LoginViewController.swift; sourceTree = "<group>"; };
		A5C9CC151D22553300781179 /* DetailViewController.swift */ = {isa = PBXFileReference; fileEncoding = 4; lastKnownFileType = sourcecode.swift; path = DetailViewController.swift; sourceTree = "<group>"; };
		A5C9CC171D23316400781179 /* ProfileViewController.swift */ = {isa = PBXFileReference; fileEncoding = 4; lastKnownFileType = sourcecode.swift; path = ProfileViewController.swift; sourceTree = "<group>"; };
		A5C9CC191D234D1E00781179 /* ComposeViewController.swift */ = {isa = PBXFileReference; fileEncoding = 4; lastKnownFileType = sourcecode.swift; path = ComposeViewController.swift; sourceTree = "<group>"; };
		A5C9CC1B1D239CBB00781179 /* UserProfileViewController.swift */ = {isa = PBXFileReference; fileEncoding = 4; lastKnownFileType = sourcecode.swift; path = UserProfileViewController.swift; sourceTree = "<group>"; };
		B6C93E1DA3B022218A95020D /* Pods-Twitter.debug.xcconfig */ = {isa = PBXFileReference; includeInIndex = 1; lastKnownFileType = text.xcconfig; name = "Pods-Twitter.debug.xcconfig"; path = "Pods/Target Support Files/Pods-Twitter/Pods-Twitter.debug.xcconfig"; sourceTree = "<group>"; };
		FD779DF59A2B216B672B03A6 /* Pods_Twitter.framework */ = {isa = PBXFileReference; explicitFileType = wrapper.framework; includeInIndex = 0; path = Pods_Twitter.framework; sourceTree = BUILT_PRODUCTS_DIR; };
/* End PBXFileReference section */

/* Begin PBXFrameworksBuildPhase section */
		A53592941D21BF88009F7442 /* Frameworks */ = {
			isa = PBXFrameworksBuildPhase;
			buildActionMask = 2147483647;
			files = (
				EE5C0B60825EC8771770DA96 /* Pods_Twitter.framework in Frameworks */,
			);
			runOnlyForDeploymentPostprocessing = 0;
		};
/* End PBXFrameworksBuildPhase section */

/* Begin PBXGroup section */
		1919F925ADF8F89BE1CB96A7 /* Pods */ = {
			isa = PBXGroup;
			children = (
				B6C93E1DA3B022218A95020D /* Pods-Twitter.debug.xcconfig */,
				296F8879213F33B2B9A92F55 /* Pods-Twitter.release.xcconfig */,
			);
			name = Pods;
			sourceTree = "<group>";
		};
		A535928E1D21BF88009F7442 = {
			isa = PBXGroup;
			children = (
				A53592991D21BF88009F7442 /* Twitter */,
				A53592981D21BF88009F7442 /* Products */,
				1919F925ADF8F89BE1CB96A7 /* Pods */,
				E71DC79C37A6399553B9EC9A /* Frameworks */,
			);
			sourceTree = "<group>";
		};
		A53592981D21BF88009F7442 /* Products */ = {
			isa = PBXGroup;
			children = (
				A53592971D21BF88009F7442 /* Twitter.app */,
			);
			name = Products;
			sourceTree = "<group>";
		};
		A53592991D21BF88009F7442 /* Twitter */ = {
			isa = PBXGroup;
			children = (
				A535929A1D21BF88009F7442 /* AppDelegate.swift */,
				A50432761D21D33800A14DA6 /* TwitterClient.swift */,
				A50432721D21CC0000A14DA6 /* User.swift */,
				A50432741D21CC0700A14DA6 /* Tweet.swift */,
				A535929E1D21BF88009F7442 /* Main.storyboard */,
				A5C9CC191D234D1E00781179 /* ComposeViewController.swift */,
				A5C9CC171D23316400781179 /* ProfileViewController.swift */,
				A53592AC1D21C039009F7442 /* LoginViewController.swift */,
				A53592A11D21BF88009F7442 /* Assets.xcassets */,
				A53592A31D21BF88009F7442 /* LaunchScreen.storyboard */,
				A53592A61D21BF88009F7442 /* Info.plist */,
				A50432781D21DB6C00A14DA6 /* TweetsViewController.swift */,
				A5C9CC1B1D239CBB00781179 /* UserProfileViewController.swift */,
				A504327C1D21DF0C00A14DA6 /* TweetCell.swift */,
				A5C9CC151D22553300781179 /* DetailViewController.swift */,
			);
			path = Twitter;
			sourceTree = "<group>";
		};
		E71DC79C37A6399553B9EC9A /* Frameworks */ = {
			isa = PBXGroup;
			children = (
				FD779DF59A2B216B672B03A6 /* Pods_Twitter.framework */,
			);
			name = Frameworks;
			sourceTree = "<group>";
		};
/* End PBXGroup section */

/* Begin PBXNativeTarget section */
		A53592961D21BF88009F7442 /* Twitter */ = {
			isa = PBXNativeTarget;
			buildConfigurationList = A53592A91D21BF88009F7442 /* Build configuration list for PBXNativeTarget "Twitter" */;
			buildPhases = (
				A179541E28DAE622929441BC /* [CP] Check Pods Manifest.lock */,
				A53592931D21BF88009F7442 /* Sources */,
				A53592941D21BF88009F7442 /* Frameworks */,
				A53592951D21BF88009F7442 /* Resources */,
				AF256B31C3086711F9E657B9 /* [CP] Embed Pods Frameworks */,
				B4D9E007665962F7329A3117 /* [CP] Copy Pods Resources */,
			);
			buildRules = (
			);
			dependencies = (
			);
			name = Twitter;
			productName = Twitter;
			productReference = A53592971D21BF88009F7442 /* Twitter.app */;
			productType = "com.apple.product-type.application";
		};
/* End PBXNativeTarget section */

/* Begin PBXProject section */
		A535928F1D21BF88009F7442 /* Project object */ = {
			isa = PBXProject;
			attributes = {
				LastSwiftUpdateCheck = 0730;
				LastUpgradeCheck = 0730;
				ORGANIZATIONNAME = "Abha Vedula";
				TargetAttributes = {
					A53592961D21BF88009F7442 = {
						CreatedOnToolsVersion = 7.3.1;
						DevelopmentTeam = 276R75FG83;
					};
				};
			};
			buildConfigurationList = A53592921D21BF88009F7442 /* Build configuration list for PBXProject "Twitter" */;
			compatibilityVersion = "Xcode 3.2";
			developmentRegion = English;
			hasScannedForEncodings = 0;
			knownRegions = (
				en,
				Base,
			);
			mainGroup = A535928E1D21BF88009F7442;
			productRefGroup = A53592981D21BF88009F7442 /* Products */;
			projectDirPath = "";
			projectRoot = "";
			targets = (
				A53592961D21BF88009F7442 /* Twitter */,
			);
		};
/* End PBXProject section */

/* Begin PBXResourcesBuildPhase section */
		A53592951D21BF88009F7442 /* Resources */ = {
			isa = PBXResourcesBuildPhase;
			buildActionMask = 2147483647;
			files = (
				A53592A51D21BF88009F7442 /* LaunchScreen.storyboard in Resources */,
				A53592A21D21BF88009F7442 /* Assets.xcassets in Resources */,
				A53592A01D21BF88009F7442 /* Main.storyboard in Resources */,
			);
			runOnlyForDeploymentPostprocessing = 0;
		};
/* End PBXResourcesBuildPhase section */

/* Begin PBXShellScriptBuildPhase section */
		A179541E28DAE622929441BC /* [CP] Check Pods Manifest.lock */ = {
			isa = PBXShellScriptBuildPhase;
			buildActionMask = 2147483647;
			files = (
			);
			inputPaths = (
			);
			name = "[CP] Check Pods Manifest.lock";
			outputPaths = (
			);
			runOnlyForDeploymentPostprocessing = 0;
			shellPath = /bin/sh;
			shellScript = "diff \"${PODS_ROOT}/../Podfile.lock\" \"${PODS_ROOT}/Manifest.lock\" > /dev/null\nif [[ $? != 0 ]] ; then\n    cat << EOM\nerror: The sandbox is not in sync with the Podfile.lock. Run 'pod install' or update your CocoaPods installation.\nEOM\n    exit 1\nfi\n";
			showEnvVarsInLog = 0;
		};
		AF256B31C3086711F9E657B9 /* [CP] Embed Pods Frameworks */ = {
			isa = PBXShellScriptBuildPhase;
			buildActionMask = 2147483647;
			files = (
			);
			inputPaths = (
			);
			name = "[CP] Embed Pods Frameworks";
			outputPaths = (
			);
			runOnlyForDeploymentPostprocessing = 0;
			shellPath = /bin/sh;
			shellScript = "\"${SRCROOT}/Pods/Target Support Files/Pods-Twitter/Pods-Twitter-frameworks.sh\"\n";
			showEnvVarsInLog = 0;
		};
		B4D9E007665962F7329A3117 /* [CP] Copy Pods Resources */ = {
			isa = PBXShellScriptBuildPhase;
			buildActionMask = 2147483647;
			files = (
			);
			inputPaths = (
			);
			name = "[CP] Copy Pods Resources";
			outputPaths = (
			);
			runOnlyForDeploymentPostprocessing = 0;
			shellPath = /bin/sh;
			shellScript = "\"${SRCROOT}/Pods/Target Support Files/Pods-Twitter/Pods-Twitter-resources.sh\"\n";
			showEnvVarsInLog = 0;
		};
/* End PBXShellScriptBuildPhase section */

/* Begin PBXSourcesBuildPhase section */
		A53592931D21BF88009F7442 /* Sources */ = {
			isa = PBXSourcesBuildPhase;
			buildActionMask = 2147483647;
			files = (
				A50432771D21D33800A14DA6 /* TwitterClient.swift in Sources */,
				A504327D1D21DF0C00A14DA6 /* TweetCell.swift in Sources */,
				A53592AD1D21C039009F7442 /* LoginViewController.swift in Sources */,
				A50432791D21DB6C00A14DA6 /* TweetsViewController.swift in Sources */,
				A535929B1D21BF88009F7442 /* AppDelegate.swift in Sources */,
				A5C9CC1A1D234D1E00781179 /* ComposeViewController.swift in Sources */,
				A50432731D21CC0000A14DA6 /* User.swift in Sources */,
				A5C9CC181D23316400781179 /* ProfileViewController.swift in Sources */,
				A50432751D21CC0700A14DA6 /* Tweet.swift in Sources */,
				A5C9CC1C1D239CBC00781179 /* UserProfileViewController.swift in Sources */,
				A5C9CC161D22553300781179 /* DetailViewController.swift in Sources */,
			);
			runOnlyForDeploymentPostprocessing = 0;
		};
/* End PBXSourcesBuildPhase section */

/* Begin PBXVariantGroup section */
		A535929E1D21BF88009F7442 /* Main.storyboard */ = {
			isa = PBXVariantGroup;
			children = (
				A535929F1D21BF88009F7442 /* Base */,
			);
			name = Main.storyboard;
			sourceTree = "<group>";
		};
		A53592A31D21BF88009F7442 /* LaunchScreen.storyboard */ = {
			isa = PBXVariantGroup;
			children = (
				A53592A41D21BF88009F7442 /* Base */,
			);
			name = LaunchScreen.storyboard;
			sourceTree = "<group>";
		};
/* End PBXVariantGroup section */

/* Begin XCBuildConfiguration section */
		A53592A71D21BF88009F7442 /* Debug */ = {
			isa = XCBuildConfiguration;
			buildSettings = {
				ALWAYS_SEARCH_USER_PATHS = NO;
				CLANG_ANALYZER_NONNULL = YES;
				CLANG_CXX_LANGUAGE_STANDARD = "gnu++0x";
				CLANG_CXX_LIBRARY = "libc++";
				CLANG_ENABLE_MODULES = YES;
				CLANG_ENABLE_OBJC_ARC = YES;
				CLANG_WARN_BOOL_CONVERSION = YES;
				CLANG_WARN_CONSTANT_CONVERSION = YES;
				CLANG_WARN_DIRECT_OBJC_ISA_USAGE = YES_ERROR;
				CLANG_WARN_EMPTY_BODY = YES;
				CLANG_WARN_ENUM_CONVERSION = YES;
				CLANG_WARN_INT_CONVERSION = YES;
				CLANG_WARN_OBJC_ROOT_CLASS = YES_ERROR;
				CLANG_WARN_UNREACHABLE_CODE = YES;
				CLANG_WARN__DUPLICATE_METHOD_MATCH = YES;
				"CODE_SIGN_IDENTITY[sdk=iphoneos*]" = "iPhone Developer";
				COPY_PHASE_STRIP = NO;
				DEBUG_INFORMATION_FORMAT = dwarf;
				ENABLE_STRICT_OBJC_MSGSEND = YES;
				ENABLE_TESTABILITY = YES;
				GCC_C_LANGUAGE_STANDARD = gnu99;
				GCC_DYNAMIC_NO_PIC = NO;
				GCC_NO_COMMON_BLOCKS = YES;
				GCC_OPTIMIZATION_LEVEL = 0;
				GCC_PREPROCESSOR_DEFINITIONS = (
					"DEBUG=1",
					"$(inherited)",
				);
				GCC_WARN_64_TO_32_BIT_CONVERSION = YES;
				GCC_WARN_ABOUT_RETURN_TYPE = YES_ERROR;
				GCC_WARN_UNDECLARED_SELECTOR = YES;
				GCC_WARN_UNINITIALIZED_AUTOS = YES_AGGRESSIVE;
				GCC_WARN_UNUSED_FUNCTION = YES;
				GCC_WARN_UNUSED_VARIABLE = YES;
				IPHONEOS_DEPLOYMENT_TARGET = 9.3;
				MTL_ENABLE_DEBUG_INFO = YES;
				ONLY_ACTIVE_ARCH = YES;
				SDKROOT = iphoneos;
				SWIFT_OPTIMIZATION_LEVEL = "-Onone";
			};
			name = Debug;
		};
		A53592A81D21BF88009F7442 /* Release */ = {
			isa = XCBuildConfiguration;
			buildSettings = {
				ALWAYS_SEARCH_USER_PATHS = NO;
				CLANG_ANALYZER_NONNULL = YES;
				CLANG_CXX_LANGUAGE_STANDARD = "gnu++0x";
				CLANG_CXX_LIBRARY = "libc++";
				CLANG_ENABLE_MODULES = YES;
				CLANG_ENABLE_OBJC_ARC = YES;
				CLANG_WARN_BOOL_CONVERSION = YES;
				CLANG_WARN_CONSTANT_CONVERSION = YES;
				CLANG_WARN_DIRECT_OBJC_ISA_USAGE = YES_ERROR;
				CLANG_WARN_EMPTY_BODY = YES;
				CLANG_WARN_ENUM_CONVERSION = YES;
				CLANG_WARN_INT_CONVERSION = YES;
				CLANG_WARN_OBJC_ROOT_CLASS = YES_ERROR;
				CLANG_WARN_UNREACHABLE_CODE = YES;
				CLANG_WARN__DUPLICATE_METHOD_MATCH = YES;
				"CODE_SIGN_IDENTITY[sdk=iphoneos*]" = "iPhone Developer";
				COPY_PHASE_STRIP = NO;
				DEBUG_INFORMATION_FORMAT = "dwarf-with-dsym";
				ENABLE_NS_ASSERTIONS = NO;
				ENABLE_STRICT_OBJC_MSGSEND = YES;
				GCC_C_LANGUAGE_STANDARD = gnu99;
				GCC_NO_COMMON_BLOCKS = YES;
				GCC_WARN_64_TO_32_BIT_CONVERSION = YES;
				GCC_WARN_ABOUT_RETURN_TYPE = YES_ERROR;
				GCC_WARN_UNDECLARED_SELECTOR = YES;
				GCC_WARN_UNINITIALIZED_AUTOS = YES_AGGRESSIVE;
				GCC_WARN_UNUSED_FUNCTION = YES;
				GCC_WARN_UNUSED_VARIABLE = YES;
				IPHONEOS_DEPLOYMENT_TARGET = 9.3;
				MTL_ENABLE_DEBUG_INFO = NO;
				SDKROOT = iphoneos;
				VALIDATE_PRODUCT = YES;
			};
			name = Release;
		};
		A53592AA1D21BF88009F7442 /* Debug */ = {
			isa = XCBuildConfiguration;
			baseConfigurationReference = B6C93E1DA3B022218A95020D /* Pods-Twitter.debug.xcconfig */;
			buildSettings = {
				ASSETCATALOG_COMPILER_APPICON_NAME = AppIcon;
				CODE_SIGN_IDENTITY = "iPhone Developer";
				"CODE_SIGN_IDENTITY[sdk=iphoneos*]" = "iPhone Developer";
				INFOPLIST_FILE = Twitter/Info.plist;
				LD_RUNPATH_SEARCH_PATHS = "$(inherited) @executable_path/Frameworks";
				PRODUCT_BUNDLE_IDENTIFIER = com.fbu.twitter;
				PRODUCT_NAME = "$(TARGET_NAME)";
				PROVISIONING_PROFILE = "";
			};
			name = Debug;
		};
		A53592AB1D21BF88009F7442 /* Release */ = {
			isa = XCBuildConfiguration;
			baseConfigurationReference = 296F8879213F33B2B9A92F55 /* Pods-Twitter.release.xcconfig */;
			buildSettings = {
				ASSETCATALOG_COMPILER_APPICON_NAME = AppIcon;
				CODE_SIGN_IDENTITY = "iPhone Developer";
				"CODE_SIGN_IDENTITY[sdk=iphoneos*]" = "iPhone Developer";
				INFOPLIST_FILE = Twitter/Info.plist;
				LD_RUNPATH_SEARCH_PATHS = "$(inherited) @executable_path/Frameworks";
				PRODUCT_BUNDLE_IDENTIFIER = com.fbu.twitter;
				PRODUCT_NAME = "$(TARGET_NAME)";
				PROVISIONING_PROFILE = "";
			};
			name = Release;
		};
/* End XCBuildConfiguration section */

/* Begin XCConfigurationList section */
		A53592921D21BF88009F7442 /* Build configuration list for PBXProject "Twitter" */ = {
			isa = XCConfigurationList;
			buildConfigurations = (
				A53592A71D21BF88009F7442 /* Debug */,
				A53592A81D21BF88009F7442 /* Release */,
			);
			defaultConfigurationIsVisible = 0;
			defaultConfigurationName = Release;
		};
		A53592A91D21BF88009F7442 /* Build configuration list for PBXNativeTarget "Twitter" */ = {
			isa = XCConfigurationList;
			buildConfigurations = (
				A53592AA1D21BF88009F7442 /* Debug */,
				A53592AB1D21BF88009F7442 /* Release */,
			);
			defaultConfigurationIsVisible = 0;
			defaultConfigurationName = Release;
		};
/* End XCConfigurationList section */
	};
	rootObject = A535928F1D21BF88009F7442 /* Project object */;
}
